// !$*UTF8*$!
{
	archiveVersion = 1;
	classes = {
	};
	objectVersion = 52;
	objects = {

/* Begin PBXBuildFile section */
		6609523093BE78111A8E8B36 /* Pods_FlixTests.framework in Frameworks */ = {isa = PBXBuildFile; fileRef = 54CC2AC4E4CF65382C19ECF6 /* Pods_FlixTests.framework */; };
		A9850AEBC76A1A49022BF4DE /* Pods_Flix_FlixUITests.framework in Frameworks */ = {isa = PBXBuildFile; fileRef = 19D5B7880063FFBFE4CCE249 /* Pods_Flix_FlixUITests.framework */; };
		B19C91A92692723100F24C10 /* AppDelegate.swift in Sources */ = {isa = PBXBuildFile; fileRef = B19C91A82692723100F24C10 /* AppDelegate.swift */; };
		B19C91AB2692723100F24C10 /* SceneDelegate.swift in Sources */ = {isa = PBXBuildFile; fileRef = B19C91AA2692723100F24C10 /* SceneDelegate.swift */; };
		B19C91AD2692723100F24C10 /* ViewController.swift in Sources */ = {isa = PBXBuildFile; fileRef = B19C91AC2692723100F24C10 /* ViewController.swift */; };
		B19C91B02692723100F24C10 /* Main.storyboard in Resources */ = {isa = PBXBuildFile; fileRef = B19C91AE2692723100F24C10 /* Main.storyboard */; };
		B19C91B22692723300F24C10 /* Assets.xcassets in Resources */ = {isa = PBXBuildFile; fileRef = B19C91B12692723300F24C10 /* Assets.xcassets */; };
		B19C91B52692723300F24C10 /* LaunchScreen.storyboard in Resources */ = {isa = PBXBuildFile; fileRef = B19C91B32692723300F24C10 /* LaunchScreen.storyboard */; };
		B19C91C02692723300F24C10 /* FlixTests.swift in Sources */ = {isa = PBXBuildFile; fileRef = B19C91BF2692723300F24C10 /* FlixTests.swift */; };
		B19C91CB2692723300F24C10 /* FlixUITests.swift in Sources */ = {isa = PBXBuildFile; fileRef = B19C91CA2692723300F24C10 /* FlixUITests.swift */; };
		B19C91D9269279F300F24C10 /* MoviesViewController.swift in Sources */ = {isa = PBXBuildFile; fileRef = B19C91D8269279F300F24C10 /* MoviesViewController.swift */; };
		B1F9D9ED26939E5F007A27E5 /* MovieTableViewCell.swift in Sources */ = {isa = PBXBuildFile; fileRef = B1F9D9EC26939E5F007A27E5 /* MovieTableViewCell.swift */; };
		B1F9D9F02693A692007A27E5 /* AlamofireImage in Frameworks */ = {isa = PBXBuildFile; productRef = B1F9D9EF2693A692007A27E5 /* AlamofireImage */; };
		CC2334C4A7170B6BFA011F55 /* Pods_Flix.framework in Frameworks */ = {isa = PBXBuildFile; fileRef = C427688D7691038FD7E8FFD0 /* Pods_Flix.framework */; };
/* End PBXBuildFile section */

/* Begin PBXContainerItemProxy section */
		B19C91BC2692723300F24C10 /* PBXContainerItemProxy */ = {
			isa = PBXContainerItemProxy;
			containerPortal = B19C919D2692723100F24C10 /* Project object */;
			proxyType = 1;
			remoteGlobalIDString = B19C91A42692723100F24C10;
			remoteInfo = Flix;
		};
		B19C91C72692723300F24C10 /* PBXContainerItemProxy */ = {
			isa = PBXContainerItemProxy;
			containerPortal = B19C919D2692723100F24C10 /* Project object */;
			proxyType = 1;
			remoteGlobalIDString = B19C91A42692723100F24C10;
			remoteInfo = Flix;
		};
/* End PBXContainerItemProxy section */

/* Begin PBXFileReference section */
		19D5B7880063FFBFE4CCE249 /* Pods_Flix_FlixUITests.framework */ = {isa = PBXFileReference; explicitFileType = wrapper.framework; includeInIndex = 0; path = Pods_Flix_FlixUITests.framework; sourceTree = BUILT_PRODUCTS_DIR; };
		40192EEABB12D150FF434F3E /* Pods-Flix.debug.xcconfig */ = {isa = PBXFileReference; includeInIndex = 1; lastKnownFileType = text.xcconfig; name = "Pods-Flix.debug.xcconfig"; path = "Target Support Files/Pods-Flix/Pods-Flix.debug.xcconfig"; sourceTree = "<group>"; };
		4D4AA3C9FF062768276BC12F /* Pods-FlixTests.debug.xcconfig */ = {isa = PBXFileReference; includeInIndex = 1; lastKnownFileType = text.xcconfig; name = "Pods-FlixTests.debug.xcconfig"; path = "Target Support Files/Pods-FlixTests/Pods-FlixTests.debug.xcconfig"; sourceTree = "<group>"; };
		54CC2AC4E4CF65382C19ECF6 /* Pods_FlixTests.framework */ = {isa = PBXFileReference; explicitFileType = wrapper.framework; includeInIndex = 0; path = Pods_FlixTests.framework; sourceTree = BUILT_PRODUCTS_DIR; };
		6447F01B44416671E4C4E86C /* Pods-FlixTests.release.xcconfig */ = {isa = PBXFileReference; includeInIndex = 1; lastKnownFileType = text.xcconfig; name = "Pods-FlixTests.release.xcconfig"; path = "Target Support Files/Pods-FlixTests/Pods-FlixTests.release.xcconfig"; sourceTree = "<group>"; };
		647226ADE7EEA350CDB0E04F /* Pods-Flix.release.xcconfig */ = {isa = PBXFileReference; includeInIndex = 1; lastKnownFileType = text.xcconfig; name = "Pods-Flix.release.xcconfig"; path = "Target Support Files/Pods-Flix/Pods-Flix.release.xcconfig"; sourceTree = "<group>"; };
		7B23368921B5210A3AF500EC /* Pods-Flix-FlixUITests.debug.xcconfig */ = {isa = PBXFileReference; includeInIndex = 1; lastKnownFileType = text.xcconfig; name = "Pods-Flix-FlixUITests.debug.xcconfig"; path = "Target Support Files/Pods-Flix-FlixUITests/Pods-Flix-FlixUITests.debug.xcconfig"; sourceTree = "<group>"; };
		B19C91A52692723100F24C10 /* Flix.app */ = {isa = PBXFileReference; explicitFileType = wrapper.application; includeInIndex = 0; path = Flix.app; sourceTree = BUILT_PRODUCTS_DIR; };
		B19C91A82692723100F24C10 /* AppDelegate.swift */ = {isa = PBXFileReference; lastKnownFileType = sourcecode.swift; path = AppDelegate.swift; sourceTree = "<group>"; };
		B19C91AA2692723100F24C10 /* SceneDelegate.swift */ = {isa = PBXFileReference; lastKnownFileType = sourcecode.swift; path = SceneDelegate.swift; sourceTree = "<group>"; };
		B19C91AC2692723100F24C10 /* ViewController.swift */ = {isa = PBXFileReference; lastKnownFileType = sourcecode.swift; path = ViewController.swift; sourceTree = "<group>"; };
		B19C91AF2692723100F24C10 /* Base */ = {isa = PBXFileReference; lastKnownFileType = file.storyboard; name = Base; path = Base.lproj/Main.storyboard; sourceTree = "<group>"; };
		B19C91B12692723300F24C10 /* Assets.xcassets */ = {isa = PBXFileReference; lastKnownFileType = folder.assetcatalog; path = Assets.xcassets; sourceTree = "<group>"; };
		B19C91B42692723300F24C10 /* Base */ = {isa = PBXFileReference; lastKnownFileType = file.storyboard; name = Base; path = Base.lproj/LaunchScreen.storyboard; sourceTree = "<group>"; };
		B19C91B62692723300F24C10 /* Info.plist */ = {isa = PBXFileReference; lastKnownFileType = text.plist.xml; path = Info.plist; sourceTree = "<group>"; };
		B19C91BB2692723300F24C10 /* FlixTests.xctest */ = {isa = PBXFileReference; explicitFileType = wrapper.cfbundle; includeInIndex = 0; path = FlixTests.xctest; sourceTree = BUILT_PRODUCTS_DIR; };
		B19C91BF2692723300F24C10 /* FlixTests.swift */ = {isa = PBXFileReference; lastKnownFileType = sourcecode.swift; path = FlixTests.swift; sourceTree = "<group>"; };
		B19C91C12692723300F24C10 /* Info.plist */ = {isa = PBXFileReference; lastKnownFileType = text.plist.xml; path = Info.plist; sourceTree = "<group>"; };
		B19C91C62692723300F24C10 /* FlixUITests.xctest */ = {isa = PBXFileReference; explicitFileType = wrapper.cfbundle; includeInIndex = 0; path = FlixUITests.xctest; sourceTree = BUILT_PRODUCTS_DIR; };
		B19C91CA2692723300F24C10 /* FlixUITests.swift */ = {isa = PBXFileReference; lastKnownFileType = sourcecode.swift; path = FlixUITests.swift; sourceTree = "<group>"; };
		B19C91CC2692723300F24C10 /* Info.plist */ = {isa = PBXFileReference; lastKnownFileType = text.plist.xml; path = Info.plist; sourceTree = "<group>"; };
		B19C91D8269279F300F24C10 /* MoviesViewController.swift */ = {isa = PBXFileReference; lastKnownFileType = sourcecode.swift; path = MoviesViewController.swift; sourceTree = "<group>"; };
		B1F9D9EC26939E5F007A27E5 /* MovieTableViewCell.swift */ = {isa = PBXFileReference; lastKnownFileType = sourcecode.swift; path = MovieTableViewCell.swift; sourceTree = "<group>"; };
		B94AD43634D5C62CD820E586 /* Pods-Flix-FlixUITests.release.xcconfig */ = {isa = PBXFileReference; includeInIndex = 1; lastKnownFileType = text.xcconfig; name = "Pods-Flix-FlixUITests.release.xcconfig"; path = "Target Support Files/Pods-Flix-FlixUITests/Pods-Flix-FlixUITests.release.xcconfig"; sourceTree = "<group>"; };
		C427688D7691038FD7E8FFD0 /* Pods_Flix.framework */ = {isa = PBXFileReference; explicitFileType = wrapper.framework; includeInIndex = 0; path = Pods_Flix.framework; sourceTree = BUILT_PRODUCTS_DIR; };
/* End PBXFileReference section */

/* Begin PBXFrameworksBuildPhase section */
		B19C91A22692723100F24C10 /* Frameworks */ = {
			isa = PBXFrameworksBuildPhase;
			buildActionMask = 2147483647;
			files = (
				B1F9D9F02693A692007A27E5 /* AlamofireImage in Frameworks */,
				CC2334C4A7170B6BFA011F55 /* Pods_Flix.framework in Frameworks */,
			);
			runOnlyForDeploymentPostprocessing = 0;
		};
		B19C91B82692723300F24C10 /* Frameworks */ = {
			isa = PBXFrameworksBuildPhase;
			buildActionMask = 2147483647;
			files = (
				6609523093BE78111A8E8B36 /* Pods_FlixTests.framework in Frameworks */,
			);
			runOnlyForDeploymentPostprocessing = 0;
		};
		B19C91C32692723300F24C10 /* Frameworks */ = {
			isa = PBXFrameworksBuildPhase;
			buildActionMask = 2147483647;
			files = (
				A9850AEBC76A1A49022BF4DE /* Pods_Flix_FlixUITests.framework in Frameworks */,
			);
			runOnlyForDeploymentPostprocessing = 0;
		};
/* End PBXFrameworksBuildPhase section */

/* Begin PBXGroup section */
		44654BEC7EAC86294E7C95C3 /* Frameworks */ = {
			isa = PBXGroup;
			children = (
				C427688D7691038FD7E8FFD0 /* Pods_Flix.framework */,
				19D5B7880063FFBFE4CCE249 /* Pods_Flix_FlixUITests.framework */,
				54CC2AC4E4CF65382C19ECF6 /* Pods_FlixTests.framework */,
			);
			name = Frameworks;
			sourceTree = "<group>";
		};
		B19C919C2692723100F24C10 = {
			isa = PBXGroup;
			children = (
				B19C91A72692723100F24C10 /* Flix */,
				B19C91BE2692723300F24C10 /* FlixTests */,
				B19C91C92692723300F24C10 /* FlixUITests */,
				B19C91A62692723100F24C10 /* Products */,
				E47DE5C914DCAB8DAF9A26B5 /* Pods */,
				44654BEC7EAC86294E7C95C3 /* Frameworks */,
			);
			sourceTree = "<group>";
		};
		B19C91A62692723100F24C10 /* Products */ = {
			isa = PBXGroup;
			children = (
				B19C91A52692723100F24C10 /* Flix.app */,
				B19C91BB2692723300F24C10 /* FlixTests.xctest */,
				B19C91C62692723300F24C10 /* FlixUITests.xctest */,
			);
			name = Products;
			sourceTree = "<group>";
		};
		B19C91A72692723100F24C10 /* Flix */ = {
			isa = PBXGroup;
			children = (
				B19C91A82692723100F24C10 /* AppDelegate.swift */,
				B19C91AA2692723100F24C10 /* SceneDelegate.swift */,
				B19C91AC2692723100F24C10 /* ViewController.swift */,
				B19C91AE2692723100F24C10 /* Main.storyboard */,
				B19C91B12692723300F24C10 /* Assets.xcassets */,
				B19C91B32692723300F24C10 /* LaunchScreen.storyboard */,
				B19C91B62692723300F24C10 /* Info.plist */,
				B19C91D8269279F300F24C10 /* MoviesViewController.swift */,
				B1F9D9EC26939E5F007A27E5 /* MovieTableViewCell.swift */,
			);
			path = Flix;
			sourceTree = "<group>";
		};
		B19C91BE2692723300F24C10 /* FlixTests */ = {
			isa = PBXGroup;
			children = (
				B19C91BF2692723300F24C10 /* FlixTests.swift */,
				B19C91C12692723300F24C10 /* Info.plist */,
			);
			path = FlixTests;
			sourceTree = "<group>";
		};
		B19C91C92692723300F24C10 /* FlixUITests */ = {
			isa = PBXGroup;
			children = (
				B19C91CA2692723300F24C10 /* FlixUITests.swift */,
				B19C91CC2692723300F24C10 /* Info.plist */,
			);
			path = FlixUITests;
			sourceTree = "<group>";
		};
		E47DE5C914DCAB8DAF9A26B5 /* Pods */ = {
			isa = PBXGroup;
			children = (
				40192EEABB12D150FF434F3E /* Pods-Flix.debug.xcconfig */,
				647226ADE7EEA350CDB0E04F /* Pods-Flix.release.xcconfig */,
				7B23368921B5210A3AF500EC /* Pods-Flix-FlixUITests.debug.xcconfig */,
				B94AD43634D5C62CD820E586 /* Pods-Flix-FlixUITests.release.xcconfig */,
				4D4AA3C9FF062768276BC12F /* Pods-FlixTests.debug.xcconfig */,
				6447F01B44416671E4C4E86C /* Pods-FlixTests.release.xcconfig */,
			);
			path = Pods;
			sourceTree = "<group>";
		};
/* End PBXGroup section */

/* Begin PBXNativeTarget section */
		B19C91A42692723100F24C10 /* Flix */ = {
			isa = PBXNativeTarget;
			buildConfigurationList = B19C91CF2692723300F24C10 /* Build configuration list for PBXNativeTarget "Flix" */;
			buildPhases = (
				04237502C5747F9C085BD074 /* [CP] Check Pods Manifest.lock */,
				B19C91A12692723100F24C10 /* Sources */,
				B19C91A22692723100F24C10 /* Frameworks */,
				B19C91A32692723100F24C10 /* Resources */,
				6CB6CB69CA001224EA216F47 /* [CP] Embed Pods Frameworks */,
			);
			buildRules = (
			);
			dependencies = (
			);
			name = Flix;
			packageProductDependencies = (
				B1F9D9EF2693A692007A27E5 /* AlamofireImage */,
			);
			productName = Flix;
			productReference = B19C91A52692723100F24C10 /* Flix.app */;
			productType = "com.apple.product-type.application";
		};
		B19C91BA2692723300F24C10 /* FlixTests */ = {
			isa = PBXNativeTarget;
			buildConfigurationList = B19C91D22692723300F24C10 /* Build configuration list for PBXNativeTarget "FlixTests" */;
			buildPhases = (
				99BC7255FA8B805AF1F7637A /* [CP] Check Pods Manifest.lock */,
				B19C91B72692723300F24C10 /* Sources */,
				B19C91B82692723300F24C10 /* Frameworks */,
				B19C91B92692723300F24C10 /* Resources */,
			);
			buildRules = (
			);
			dependencies = (
				B19C91BD2692723300F24C10 /* PBXTargetDependency */,
			);
			name = FlixTests;
			productName = FlixTests;
			productReference = B19C91BB2692723300F24C10 /* FlixTests.xctest */;
			productType = "com.apple.product-type.bundle.unit-test";
		};
		B19C91C52692723300F24C10 /* FlixUITests */ = {
			isa = PBXNativeTarget;
			buildConfigurationList = B19C91D52692723300F24C10 /* Build configuration list for PBXNativeTarget "FlixUITests" */;
			buildPhases = (
				113A6BE00C333B46B25B0694 /* [CP] Check Pods Manifest.lock */,
				B19C91C22692723300F24C10 /* Sources */,
				B19C91C32692723300F24C10 /* Frameworks */,
				B19C91C42692723300F24C10 /* Resources */,
				A4CB88A91AC7D29AD695FF60 /* [CP] Embed Pods Frameworks */,
			);
			buildRules = (
			);
			dependencies = (
				B19C91C82692723300F24C10 /* PBXTargetDependency */,
			);
			name = FlixUITests;
			productName = FlixUITests;
			productReference = B19C91C62692723300F24C10 /* FlixUITests.xctest */;
			productType = "com.apple.product-type.bundle.ui-testing";
		};
/* End PBXNativeTarget section */

/* Begin PBXProject section */
		B19C919D2692723100F24C10 /* Project object */ = {
			isa = PBXProject;
			attributes = {
				LastSwiftUpdateCheck = 1250;
				LastUpgradeCheck = 1250;
				TargetAttributes = {
					B19C91A42692723100F24C10 = {
						CreatedOnToolsVersion = 12.5.1;
					};
					B19C91BA2692723300F24C10 = {
						CreatedOnToolsVersion = 12.5.1;
						TestTargetID = B19C91A42692723100F24C10;
					};
					B19C91C52692723300F24C10 = {
						CreatedOnToolsVersion = 12.5.1;
						TestTargetID = B19C91A42692723100F24C10;
					};
				};
			};
			buildConfigurationList = B19C91A02692723100F24C10 /* Build configuration list for PBXProject "Flix" */;
			compatibilityVersion = "Xcode 9.3";
			developmentRegion = en;
			hasScannedForEncodings = 0;
			knownRegions = (
				en,
				Base,
			);
			mainGroup = B19C919C2692723100F24C10;
			packageReferences = (
				B1F9D9EE2693A692007A27E5 /* XCRemoteSwiftPackageReference "AlamofireImage" */,
			);
			productRefGroup = B19C91A62692723100F24C10 /* Products */;
			projectDirPath = "";
			projectRoot = "";
			targets = (
				B19C91A42692723100F24C10 /* Flix */,
				B19C91BA2692723300F24C10 /* FlixTests */,
				B19C91C52692723300F24C10 /* FlixUITests */,
			);
		};
/* End PBXProject section */

/* Begin PBXResourcesBuildPhase section */
		B19C91A32692723100F24C10 /* Resources */ = {
			isa = PBXResourcesBuildPhase;
			buildActionMask = 2147483647;
			files = (
				B19C91B52692723300F24C10 /* LaunchScreen.storyboard in Resources */,
				B19C91B22692723300F24C10 /* Assets.xcassets in Resources */,
				B19C91B02692723100F24C10 /* Main.storyboard in Resources */,
			);
			runOnlyForDeploymentPostprocessing = 0;
		};
		B19C91B92692723300F24C10 /* Resources */ = {
			isa = PBXResourcesBuildPhase;
			buildActionMask = 2147483647;
			files = (
			);
			runOnlyForDeploymentPostprocessing = 0;
		};
		B19C91C42692723300F24C10 /* Resources */ = {
			isa = PBXResourcesBuildPhase;
			buildActionMask = 2147483647;
			files = (
			);
			runOnlyForDeploymentPostprocessing = 0;
		};
/* End PBXResourcesBuildPhase section */

/* Begin PBXShellScriptBuildPhase section */
		04237502C5747F9C085BD074 /* [CP] Check Pods Manifest.lock */ = {
			isa = PBXShellScriptBuildPhase;
			buildActionMask = 2147483647;
			files = (
			);
			inputFileListPaths = (
			);
			inputPaths = (
				"${PODS_PODFILE_DIR_PATH}/Podfile.lock",
				"${PODS_ROOT}/Manifest.lock",
			);
			name = "[CP] Check Pods Manifest.lock";
			outputFileListPaths = (
			);
			outputPaths = (
				"$(DERIVED_FILE_DIR)/Pods-Flix-checkManifestLockResult.txt",
			);
			runOnlyForDeploymentPostprocessing = 0;
			shellPath = /bin/sh;
			shellScript = "diff \"${PODS_PODFILE_DIR_PATH}/Podfile.lock\" \"${PODS_ROOT}/Manifest.lock\" > /dev/null\nif [ $? != 0 ] ; then\n    # print error to STDERR\n    echo \"error: The sandbox is not in sync with the Podfile.lock. Run 'pod install' or update your CocoaPods installation.\" >&2\n    exit 1\nfi\n# This output is used by Xcode 'outputs' to avoid re-running this script phase.\necho \"SUCCESS\" > \"${SCRIPT_OUTPUT_FILE_0}\"\n";
			showEnvVarsInLog = 0;
		};
		113A6BE00C333B46B25B0694 /* [CP] Check Pods Manifest.lock */ = {
			isa = PBXShellScriptBuildPhase;
			buildActionMask = 2147483647;
			files = (
			);
			inputFileListPaths = (
			);
			inputPaths = (
				"${PODS_PODFILE_DIR_PATH}/Podfile.lock",
				"${PODS_ROOT}/Manifest.lock",
			);
			name = "[CP] Check Pods Manifest.lock";
			outputFileListPaths = (
			);
			outputPaths = (
				"$(DERIVED_FILE_DIR)/Pods-Flix-FlixUITests-checkManifestLockResult.txt",
			);
			runOnlyForDeploymentPostprocessing = 0;
			shellPath = /bin/sh;
			shellScript = "diff \"${PODS_PODFILE_DIR_PATH}/Podfile.lock\" \"${PODS_ROOT}/Manifest.lock\" > /dev/null\nif [ $? != 0 ] ; then\n    # print error to STDERR\n    echo \"error: The sandbox is not in sync with the Podfile.lock. Run 'pod install' or update your CocoaPods installation.\" >&2\n    exit 1\nfi\n# This output is used by Xcode 'outputs' to avoid re-running this script phase.\necho \"SUCCESS\" > \"${SCRIPT_OUTPUT_FILE_0}\"\n";
			showEnvVarsInLog = 0;
		};
		6CB6CB69CA001224EA216F47 /* [CP] Embed Pods Frameworks */ = {
			isa = PBXShellScriptBuildPhase;
			buildActionMask = 2147483647;
			files = (
			);
			inputFileListPaths = (
				"${PODS_ROOT}/Target Support Files/Pods-Flix/Pods-Flix-frameworks-${CONFIGURATION}-input-files.xcfilelist",
			);
			name = "[CP] Embed Pods Frameworks";
			outputFileListPaths = (
				"${PODS_ROOT}/Target Support Files/Pods-Flix/Pods-Flix-frameworks-${CONFIGURATION}-output-files.xcfilelist",
			);
			runOnlyForDeploymentPostprocessing = 0;
			shellPath = /bin/sh;
			shellScript = "\"${PODS_ROOT}/Target Support Files/Pods-Flix/Pods-Flix-frameworks.sh\"\n";
			showEnvVarsInLog = 0;
		};
		99BC7255FA8B805AF1F7637A /* [CP] Check Pods Manifest.lock */ = {
			isa = PBXShellScriptBuildPhase;
			buildActionMask = 2147483647;
			files = (
			);
			inputFileListPaths = (
			);
			inputPaths = (
				"${PODS_PODFILE_DIR_PATH}/Podfile.lock",
				"${PODS_ROOT}/Manifest.lock",
			);
			name = "[CP] Check Pods Manifest.lock";
			outputFileListPaths = (
			);
			outputPaths = (
				"$(DERIVED_FILE_DIR)/Pods-FlixTests-checkManifestLockResult.txt",
			);
			runOnlyForDeploymentPostprocessing = 0;
			shellPath = /bin/sh;
			shellScript = "diff \"${PODS_PODFILE_DIR_PATH}/Podfile.lock\" \"${PODS_ROOT}/Manifest.lock\" > /dev/null\nif [ $? != 0 ] ; then\n    # print error to STDERR\n    echo \"error: The sandbox is not in sync with the Podfile.lock. Run 'pod install' or update your CocoaPods installation.\" >&2\n    exit 1\nfi\n# This output is used by Xcode 'outputs' to avoid re-running this script phase.\necho \"SUCCESS\" > \"${SCRIPT_OUTPUT_FILE_0}\"\n";
			showEnvVarsInLog = 0;
		};
		A4CB88A91AC7D29AD695FF60 /* [CP] Embed Pods Frameworks */ = {
			isa = PBXShellScriptBuildPhase;
			buildActionMask = 2147483647;
			files = (
			);
			inputFileListPaths = (
				"${PODS_ROOT}/Target Support Files/Pods-Flix-FlixUITests/Pods-Flix-FlixUITests-frameworks-${CONFIGURATION}-input-files.xcfilelist",
			);
			name = "[CP] Embed Pods Frameworks";
			outputFileListPaths = (
				"${PODS_ROOT}/Target Support Files/Pods-Flix-FlixUITests/Pods-Flix-FlixUITests-frameworks-${CONFIGURATION}-output-files.xcfilelist",
			);
			runOnlyForDeploymentPostprocessing = 0;
			shellPath = /bin/sh;
			shellScript = "\"${PODS_ROOT}/Target Support Files/Pods-Flix-FlixUITests/Pods-Flix-FlixUITests-frameworks.sh\"\n";
			showEnvVarsInLog = 0;
		};
/* End PBXShellScriptBuildPhase section */

/* Begin PBXSourcesBuildPhase section */
		B19C91A12692723100F24C10 /* Sources */ = {
			isa = PBXSourcesBuildPhase;
			buildActionMask = 2147483647;
			files = (
				B1F9D9ED26939E5F007A27E5 /* MovieTableViewCell.swift in Sources */,
				B19C91AD2692723100F24C10 /* ViewController.swift in Sources */,
				B19C91A92692723100F24C10 /* AppDelegate.swift in Sources */,
				B19C91AB2692723100F24C10 /* SceneDelegate.swift in Sources */,
				B19C91D9269279F300F24C10 /* MoviesViewController.swift in Sources */,
			);
			runOnlyForDeploymentPostprocessing = 0;
		};
		B19C91B72692723300F24C10 /* Sources */ = {
			isa = PBXSourcesBuildPhase;
			buildActionMask = 2147483647;
			files = (
				B19C91C02692723300F24C10 /* FlixTests.swift in Sources */,
			);
			runOnlyForDeploymentPostprocessing = 0;
		};
		B19C91C22692723300F24C10 /* Sources */ = {
			isa = PBXSourcesBuildPhase;
			buildActionMask = 2147483647;
			files = (
				B19C91CB2692723300F24C10 /* FlixUITests.swift in Sources */,
			);
			runOnlyForDeploymentPostprocessing = 0;
		};
/* End PBXSourcesBuildPhase section */

/* Begin PBXTargetDependency section */
		B19C91BD2692723300F24C10 /* PBXTargetDependency */ = {
			isa = PBXTargetDependency;
			target = B19C91A42692723100F24C10 /* Flix */;
			targetProxy = B19C91BC2692723300F24C10 /* PBXContainerItemProxy */;
		};
		B19C91C82692723300F24C10 /* PBXTargetDependency */ = {
			isa = PBXTargetDependency;
			target = B19C91A42692723100F24C10 /* Flix */;
			targetProxy = B19C91C72692723300F24C10 /* PBXContainerItemProxy */;
		};
/* End PBXTargetDependency section */

/* Begin PBXVariantGroup section */
		B19C91AE2692723100F24C10 /* Main.storyboard */ = {
			isa = PBXVariantGroup;
			children = (
				B19C91AF2692723100F24C10 /* Base */,
			);
			name = Main.storyboard;
			sourceTree = "<group>";
		};
		B19C91B32692723300F24C10 /* LaunchScreen.storyboard */ = {
			isa = PBXVariantGroup;
			children = (
				B19C91B42692723300F24C10 /* Base */,
			);
			name = LaunchScreen.storyboard;
			sourceTree = "<group>";
		};
/* End PBXVariantGroup section */

/* Begin XCBuildConfiguration section */
		B19C91CD2692723300F24C10 /* Debug */ = {
			isa = XCBuildConfiguration;
			buildSettings = {
				ALWAYS_SEARCH_USER_PATHS = NO;
				CLANG_ANALYZER_NONNULL = YES;
				CLANG_ANALYZER_NUMBER_OBJECT_CONVERSION = YES_AGGRESSIVE;
				CLANG_CXX_LANGUAGE_STANDARD = "gnu++14";
				CLANG_CXX_LIBRARY = "libc++";
				CLANG_ENABLE_MODULES = YES;
				CLANG_ENABLE_OBJC_ARC = YES;
				CLANG_ENABLE_OBJC_WEAK = YES;
				CLANG_WARN_BLOCK_CAPTURE_AUTORELEASING = YES;
				CLANG_WARN_BOOL_CONVERSION = YES;
				CLANG_WARN_COMMA = YES;
				CLANG_WARN_CONSTANT_CONVERSION = YES;
				CLANG_WARN_DEPRECATED_OBJC_IMPLEMENTATIONS = YES;
				CLANG_WARN_DIRECT_OBJC_ISA_USAGE = YES_ERROR;
				CLANG_WARN_DOCUMENTATION_COMMENTS = YES;
				CLANG_WARN_EMPTY_BODY = YES;
				CLANG_WARN_ENUM_CONVERSION = YES;
				CLANG_WARN_INFINITE_RECURSION = YES;
				CLANG_WARN_INT_CONVERSION = YES;
				CLANG_WARN_NON_LITERAL_NULL_CONVERSION = YES;
				CLANG_WARN_OBJC_IMPLICIT_RETAIN_SELF = YES;
				CLANG_WARN_OBJC_LITERAL_CONVERSION = YES;
				CLANG_WARN_OBJC_ROOT_CLASS = YES_ERROR;
				CLANG_WARN_QUOTED_INCLUDE_IN_FRAMEWORK_HEADER = YES;
				CLANG_WARN_RANGE_LOOP_ANALYSIS = YES;
				CLANG_WARN_STRICT_PROTOTYPES = YES;
				CLANG_WARN_SUSPICIOUS_MOVE = YES;
				CLANG_WARN_UNGUARDED_AVAILABILITY = YES_AGGRESSIVE;
				CLANG_WARN_UNREACHABLE_CODE = YES;
				CLANG_WARN__DUPLICATE_METHOD_MATCH = YES;
				COPY_PHASE_STRIP = NO;
				DEBUG_INFORMATION_FORMAT = dwarf;
				ENABLE_STRICT_OBJC_MSGSEND = YES;
				ENABLE_TESTABILITY = YES;
				GCC_C_LANGUAGE_STANDARD = gnu11;
				GCC_DYNAMIC_NO_PIC = NO;
				GCC_NO_COMMON_BLOCKS = YES;
				GCC_OPTIMIZATION_LEVEL = 0;
				GCC_PREPROCESSOR_DEFINITIONS = (
					"DEBUG=1",
					"$(inherited)",
				);
				GCC_WARN_64_TO_32_BIT_CONVERSION = YES;
				GCC_WARN_ABOUT_RETURN_TYPE = YES_ERROR;
				GCC_WARN_UNDECLARED_SELECTOR = YES;
				GCC_WARN_UNINITIALIZED_AUTOS = YES_AGGRESSIVE;
				GCC_WARN_UNUSED_FUNCTION = YES;
				GCC_WARN_UNUSED_VARIABLE = YES;
				IPHONEOS_DEPLOYMENT_TARGET = 14.5;
				MTL_ENABLE_DEBUG_INFO = INCLUDE_SOURCE;
				MTL_FAST_MATH = YES;
				ONLY_ACTIVE_ARCH = YES;
				SDKROOT = iphoneos;
				SWIFT_ACTIVE_COMPILATION_CONDITIONS = DEBUG;
				SWIFT_OPTIMIZATION_LEVEL = "-Onone";
			};
			name = Debug;
		};
		B19C91CE2692723300F24C10 /* Release */ = {
			isa = XCBuildConfiguration;
			buildSettings = {
				ALWAYS_SEARCH_USER_PATHS = NO;
				CLANG_ANALYZER_NONNULL = YES;
				CLANG_ANALYZER_NUMBER_OBJECT_CONVERSION = YES_AGGRESSIVE;
				CLANG_CXX_LANGUAGE_STANDARD = "gnu++14";
				CLANG_CXX_LIBRARY = "libc++";
				CLANG_ENABLE_MODULES = YES;
				CLANG_ENABLE_OBJC_ARC = YES;
				CLANG_ENABLE_OBJC_WEAK = YES;
				CLANG_WARN_BLOCK_CAPTURE_AUTORELEASING = YES;
				CLANG_WARN_BOOL_CONVERSION = YES;
				CLANG_WARN_COMMA = YES;
				CLANG_WARN_CONSTANT_CONVERSION = YES;
				CLANG_WARN_DEPRECATED_OBJC_IMPLEMENTATIONS = YES;
				CLANG_WARN_DIRECT_OBJC_ISA_USAGE = YES_ERROR;
				CLANG_WARN_DOCUMENTATION_COMMENTS = YES;
				CLANG_WARN_EMPTY_BODY = YES;
				CLANG_WARN_ENUM_CONVERSION = YES;
				CLANG_WARN_INFINITE_RECURSION = YES;
				CLANG_WARN_INT_CONVERSION = YES;
				CLANG_WARN_NON_LITERAL_NULL_CONVERSION = YES;
				CLANG_WARN_OBJC_IMPLICIT_RETAIN_SELF = YES;
				CLANG_WARN_OBJC_LITERAL_CONVERSION = YES;
				CLANG_WARN_OBJC_ROOT_CLASS = YES_ERROR;
				CLANG_WARN_QUOTED_INCLUDE_IN_FRAMEWORK_HEADER = YES;
				CLANG_WARN_RANGE_LOOP_ANALYSIS = YES;
				CLANG_WARN_STRICT_PROTOTYPES = YES;
				CLANG_WARN_SUSPICIOUS_MOVE = YES;
				CLANG_WARN_UNGUARDED_AVAILABILITY = YES_AGGRESSIVE;
				CLANG_WARN_UNREACHABLE_CODE = YES;
				CLANG_WARN__DUPLICATE_METHOD_MATCH = YES;
				COPY_PHASE_STRIP = NO;
				DEBUG_INFORMATION_FORMAT = "dwarf-with-dsym";
				ENABLE_NS_ASSERTIONS = NO;
				ENABLE_STRICT_OBJC_MSGSEND = YES;
				GCC_C_LANGUAGE_STANDARD = gnu11;
				GCC_NO_COMMON_BLOCKS = YES;
				GCC_WARN_64_TO_32_BIT_CONVERSION = YES;
				GCC_WARN_ABOUT_RETURN_TYPE = YES_ERROR;
				GCC_WARN_UNDECLARED_SELECTOR = YES;
				GCC_WARN_UNINITIALIZED_AUTOS = YES_AGGRESSIVE;
				GCC_WARN_UNUSED_FUNCTION = YES;
				GCC_WARN_UNUSED_VARIABLE = YES;
				IPHONEOS_DEPLOYMENT_TARGET = 14.5;
				MTL_ENABLE_DEBUG_INFO = NO;
				MTL_FAST_MATH = YES;
				SDKROOT = iphoneos;
				SWIFT_COMPILATION_MODE = wholemodule;
				SWIFT_OPTIMIZATION_LEVEL = "-O";
				VALIDATE_PRODUCT = YES;
			};
			name = Release;
		};
		B19C91D02692723300F24C10 /* Debug */ = {
			isa = XCBuildConfiguration;
			baseConfigurationReference = 40192EEABB12D150FF434F3E /* Pods-Flix.debug.xcconfig */;
			buildSettings = {
				ASSETCATALOG_COMPILER_APPICON_NAME = AppIcon;
				ASSETCATALOG_COMPILER_GLOBAL_ACCENT_COLOR_NAME = AccentColor;
				CODE_SIGN_STYLE = Automatic;
				DEVELOPMENT_TEAM = 8PGZ5N4XCZ;
				INFOPLIST_FILE = Flix/Info.plist;
				LD_RUNPATH_SEARCH_PATHS = (
					"$(inherited)",
					"@executable_path/Frameworks",
				);
				PRODUCT_BUNDLE_IDENTIFIER = com.codepath.Flix;
				PRODUCT_NAME = "$(TARGET_NAME)";
				SWIFT_VERSION = 5.0;
				TARGETED_DEVICE_FAMILY = "1,2";
			};
			name = Debug;
		};
		B19C91D12692723300F24C10 /* Release */ = {
			isa = XCBuildConfiguration;
			baseConfigurationReference = 647226ADE7EEA350CDB0E04F /* Pods-Flix.release.xcconfig */;
			buildSettings = {
				ASSETCATALOG_COMPILER_APPICON_NAME = AppIcon;
				ASSETCATALOG_COMPILER_GLOBAL_ACCENT_COLOR_NAME = AccentColor;
				CODE_SIGN_STYLE = Automatic;
				DEVELOPMENT_TEAM = 8PGZ5N4XCZ;
				INFOPLIST_FILE = Flix/Info.plist;
				LD_RUNPATH_SEARCH_PATHS = (
					"$(inherited)",
					"@executable_path/Frameworks",
				);
				PRODUCT_BUNDLE_IDENTIFIER = com.codepath.Flix;
				PRODUCT_NAME = "$(TARGET_NAME)";
				SWIFT_VERSION = 5.0;
				TARGETED_DEVICE_FAMILY = "1,2";
			};
			name = Release;
		};
		B19C91D32692723300F24C10 /* Debug */ = {
			isa = XCBuildConfiguration;
			baseConfigurationReference = 4D4AA3C9FF062768276BC12F /* Pods-FlixTests.debug.xcconfig */;
			buildSettings = {
				ALWAYS_EMBED_SWIFT_STANDARD_LIBRARIES = YES;
				BUNDLE_LOADER = "$(TEST_HOST)";
				CODE_SIGN_STYLE = Automatic;
				DEVELOPMENT_TEAM = 8PGZ5N4XCZ;
				INFOPLIST_FILE = FlixTests/Info.plist;
				IPHONEOS_DEPLOYMENT_TARGET = 14.5;
				LD_RUNPATH_SEARCH_PATHS = (
					"$(inherited)",
					"@executable_path/Frameworks",
					"@loader_path/Frameworks",
				);
				PRODUCT_BUNDLE_IDENTIFIER = com.codepath.FlixTests;
				PRODUCT_NAME = "$(TARGET_NAME)";
				SWIFT_VERSION = 5.0;
				TARGETED_DEVICE_FAMILY = "1,2";
				TEST_HOST = "$(BUILT_PRODUCTS_DIR)/Flix.app/Flix";
			};
			name = Debug;
		};
		B19C91D42692723300F24C10 /* Release */ = {
			isa = XCBuildConfiguration;
			baseConfigurationReference = 6447F01B44416671E4C4E86C /* Pods-FlixTests.release.xcconfig */;
			buildSettings = {
				ALWAYS_EMBED_SWIFT_STANDARD_LIBRARIES = YES;
				BUNDLE_LOADER = "$(TEST_HOST)";
				CODE_SIGN_STYLE = Automatic;
				DEVELOPMENT_TEAM = 8PGZ5N4XCZ;
				INFOPLIST_FILE = FlixTests/Info.plist;
				IPHONEOS_DEPLOYMENT_TARGET = 14.5;
				LD_RUNPATH_SEARCH_PATHS = (
					"$(inherited)",
					"@executable_path/Frameworks",
					"@loader_path/Frameworks",
				);
				PRODUCT_BUNDLE_IDENTIFIER = com.codepath.FlixTests;
				PRODUCT_NAME = "$(TARGET_NAME)";
				SWIFT_VERSION = 5.0;
				TARGETED_DEVICE_FAMILY = "1,2";
				TEST_HOST = "$(BUILT_PRODUCTS_DIR)/Flix.app/Flix";
			};
			name = Release;
		};
		B19C91D62692723300F24C10 /* Debug */ = {
			isa = XCBuildConfiguration;
			baseConfigurationReference = 7B23368921B5210A3AF500EC /* Pods-Flix-FlixUITests.debug.xcconfig */;
			buildSettings = {
				ALWAYS_EMBED_SWIFT_STANDARD_LIBRARIES = YES;
				CODE_SIGN_STYLE = Automatic;
				DEVELOPMENT_TEAM = 8PGZ5N4XCZ;
				INFOPLIST_FILE = FlixUITests/Info.plist;
				LD_RUNPATH_SEARCH_PATHS = (
					"$(inherited)",
					"@executable_path/Frameworks",
					"@loader_path/Frameworks",
				);
				PRODUCT_BUNDLE_IDENTIFIER = com.codepath.FlixUITests;
				PRODUCT_NAME = "$(TARGET_NAME)";
				SWIFT_VERSION = 5.0;
				TARGETED_DEVICE_FAMILY = "1,2";
				TEST_TARGET_NAME = Flix;
			};
			name = Debug;
		};
		B19C91D72692723300F24C10 /* Release */ = {
			isa = XCBuildConfiguration;
			baseConfigurationReference = B94AD43634D5C62CD820E586 /* Pods-Flix-FlixUITests.release.xcconfig */;
			buildSettings = {
				ALWAYS_EMBED_SWIFT_STANDARD_LIBRARIES = YES;
				CODE_SIGN_STYLE = Automatic;
				DEVELOPMENT_TEAM = 8PGZ5N4XCZ;
				INFOPLIST_FILE = FlixUITests/Info.plist;
				LD_RUNPATH_SEARCH_PATHS = (
					"$(inherited)",
					"@executable_path/Frameworks",
					"@loader_path/Frameworks",
				);
				PRODUCT_BUNDLE_IDENTIFIER = com.codepath.FlixUITests;
				PRODUCT_NAME = "$(TARGET_NAME)";
				SWIFT_VERSION = 5.0;
				TARGETED_DEVICE_FAMILY = "1,2";
				TEST_TARGET_NAME = Flix;
			};
			name = Release;
		};
/* End XCBuildConfiguration section */

/* Begin XCConfigurationList section */
		B19C91A02692723100F24C10 /* Build configuration list for PBXProject "Flix" */ = {
			isa = XCConfigurationList;
			buildConfigurations = (
				B19C91CD2692723300F24C10 /* Debug */,
				B19C91CE2692723300F24C10 /* Release */,
			);
			defaultConfigurationIsVisible = 0;
			defaultConfigurationName = Release;
		};
		B19C91CF2692723300F24C10 /* Build configuration list for PBXNativeTarget "Flix" */ = {
			isa = XCConfigurationList;
			buildConfigurations = (
				B19C91D02692723300F24C10 /* Debug */,
				B19C91D12692723300F24C10 /* Release */,
			);
			defaultConfigurationIsVisible = 0;
			defaultConfigurationName = Release;
		};
		B19C91D22692723300F24C10 /* Build configuration list for PBXNativeTarget "FlixTests" */ = {
			isa = XCConfigurationList;
			buildConfigurations = (
				B19C91D32692723300F24C10 /* Debug */,
				B19C91D42692723300F24C10 /* Release */,
			);
			defaultConfigurationIsVisible = 0;
			defaultConfigurationName = Release;
		};
		B19C91D52692723300F24C10 /* Build configuration list for PBXNativeTarget "FlixUITests" */ = {
			isa = XCConfigurationList;
			buildConfigurations = (
				B19C91D62692723300F24C10 /* Debug */,
				B19C91D72692723300F24C10 /* Release */,
			);
			defaultConfigurationIsVisible = 0;
			defaultConfigurationName = Release;
		};
/* End XCConfigurationList section */

/* Begin XCRemoteSwiftPackageReference section */
		B1F9D9EE2693A692007A27E5 /* XCRemoteSwiftPackageReference "AlamofireImage" */ = {
			isa = XCRemoteSwiftPackageReference;
			repositoryURL = "https://github.com/Alamofire/AlamofireImage";
			requirement = {
				kind = upToNextMajorVersion;
				minimumVersion = 4.2.0;
			};
		};
/* End XCRemoteSwiftPackageReference section */

/* Begin XCSwiftPackageProductDependency section */
		B1F9D9EF2693A692007A27E5 /* AlamofireImage */ = {
			isa = XCSwiftPackageProductDependency;
			package = B1F9D9EE2693A692007A27E5 /* XCRemoteSwiftPackageReference "AlamofireImage" */;
			productName = AlamofireImage;
		};
/* End XCSwiftPackageProductDependency section */
	};
	rootObject = B19C919D2692723100F24C10 /* Project object */;
}
